
Microsoft Visual Studio Solution File, Format Version 12.00
# Visual Studio Version 17
VisualStudioVersion = 17.1.32421.90
MinimumVisualStudioVersion = 10.0.40219.1
Project("{FAE04EC0-301F-11D3-BF4B-00C04F79EFBC}") = "WeatherForecast", "WeatherForecast\WeatherForecast.csproj", "{09F88E28-0D90-4519-A6E0-D15E7A011152}"
EndProject
Global
	GlobalSection(SolutionConfigurationPlatforms) = preSolution
		Debug|Any CPU = Debug|Any CPU
		Release|Any CPU = Release|Any CPU
	EndGlobalSection
	GlobalSection(ProjectConfigurationPlatforms) = postSolution
		{09F88E28-0D90-4519-A6E0-D15E7A011152}.Debug|Any CPU.ActiveCfg = Debug|Any CPU
		{09F88E28-0D90-4519-A6E0-D15E7A011152}.Debug|Any CPU.Build.0 = Debug|Any CPU
		{09F88E28-0D90-4519-A6E0-D15E7A011152}.Release|Any CPU.ActiveCfg = Release|Any CPU
		{09F88E28-0D90-4519-A6E0-D15E7A011152}.Release|Any CPU.Build.0 = Release|Any CPU
	EndGlobalSection
	GlobalSection(SolutionProperties) = preSolution
		HideSolutionNode = FALSE
	EndGlobalSection
	GlobalSection(ExtensibilityGlobals) = postSolution
		SolutionGuid = {3A1F4A3E-0740-4915-8B6F-3A4AD811C12D}
	EndGlobalSection
EndGlobal
